// !$*UTF8*$!
{
	archiveVersion = 1;
	classes = {
	};
	objectVersion = 46;
	objects = {

/* Begin PBXBuildFile section */
		EFCDD50C1ECD513300ABDFA2 /* main.m in Sources */ = {isa = PBXBuildFile; fileRef = EFCDD50B1ECD513300ABDFA2 /* main.m */; };
		EFCDD50F1ECD513300ABDFA2 /* AppDelegate.m in Sources */ = {isa = PBXBuildFile; fileRef = EFCDD50E1ECD513300ABDFA2 /* AppDelegate.m */; };
		EFCDD5121ECD513300ABDFA2 /* ViewController.m in Sources */ = {isa = PBXBuildFile; fileRef = EFCDD5111ECD513300ABDFA2 /* ViewController.m */; };
		EFCDD5151ECD513300ABDFA2 /* Main.storyboard in Resources */ = {isa = PBXBuildFile; fileRef = EFCDD5131ECD513300ABDFA2 /* Main.storyboard */; };
		EFCDD5171ECD513300ABDFA2 /* Assets.xcassets in Resources */ = {isa = PBXBuildFile; fileRef = EFCDD5161ECD513300ABDFA2 /* Assets.xcassets */; };
		EFCDD51A1ECD513300ABDFA2 /* LaunchScreen.storyboard in Resources */ = {isa = PBXBuildFile; fileRef = EFCDD5181ECD513300ABDFA2 /* LaunchScreen.storyboard */; };
/* End PBXBuildFile section */

/* Begin PBXFileReference section */
		EFCDD5071ECD513300ABDFA2 /* testGitLib.app */ = {isa = PBXFileReference; explicitFileType = wrapper.application; includeInIndex = 0; path = testGitLib.app; sourceTree = BUILT_PRODUCTS_DIR; };
		EFCDD50B1ECD513300ABDFA2 /* main.m */ = {isa = PBXFileReference; lastKnownFileType = sourcecode.c.objc; path = main.m; sourceTree = "<group>"; };
		EFCDD50D1ECD513300ABDFA2 /* AppDelegate.h */ = {isa = PBXFileReference; lastKnownFileType = sourcecode.c.h; path = AppDelegate.h; sourceTree = "<group>"; };
		EFCDD50E1ECD513300ABDFA2 /* AppDelegate.m */ = {isa = PBXFileReference; lastKnownFileType = sourcecode.c.objc; path = AppDelegate.m; sourceTree = "<group>"; };
		EFCDD5101ECD513300ABDFA2 /* ViewController.h */ = {isa = PBXFileReference; lastKnownFileType = sourcecode.c.h; path = ViewController.h; sourceTree = "<group>"; };
		EFCDD5111ECD513300ABDFA2 /* ViewController.m */ = {isa = PBXFileReference; lastKnownFileType = sourcecode.c.objc; path = ViewController.m; sourceTree = "<group>"; };
		EFCDD5141ECD513300ABDFA2 /* Base */ = {isa = PBXFileReference; lastKnownFileType = file.storyboard; name = Base; path = Base.lproj/Main.storyboard; sourceTree = "<group>"; };
		EFCDD5161ECD513300ABDFA2 /* Assets.xcassets */ = {isa = PBXFileReference; lastKnownFileType = folder.assetcatalog; path = Assets.xcassets; sourceTree = "<group>"; };
		EFCDD5191ECD513300ABDFA2 /* Base */ = {isa = PBXFileReference; lastKnownFileType = file.storyboard; name = Base; path = Base.lproj/LaunchScreen.storyboard; sourceTree = "<group>"; };
		EFCDD51B1ECD513300ABDFA2 /* Info.plist */ = {isa = PBXFileReference; lastKnownFileType = text.plist.xml; path = Info.plist; sourceTree = "<group>"; };
/* End PBXFileReference section */

/* Begin PBXFrameworksBuildPhase section */
		EFCDD5041ECD513300ABDFA2 /* Frameworks */ = {
			isa = PBXFrameworksBuildPhase;
			buildActionMask = 2147483647;
			files = (
			);
			runOnlyForDeploymentPostprocessing = 0;
		};
/* End PBXFrameworksBuildPhase section */

/* Begin PBXGroup section */
		EFCDD4FE1ECD513300ABDFA2 = {
			isa = PBXGroup;
			children = (
				EFCDD5091ECD513300ABDFA2 /* testGitLib */,
				EFCDD5081ECD513300ABDFA2 /* Products */,
			);
			sourceTree = "<group>";
		};
		EFCDD5081ECD513300ABDFA2 /* Products */ = {
			isa = PBXGroup;
			children = (
				EFCDD5071ECD513300ABDFA2 /* testGitLib.app */,
			);
			name = Products;
			sourceTree = "<group>";
		};
		EFCDD5091ECD513300ABDFA2 /* testGitLib */ = {
			isa = PBXGroup;
			children = (
				EFCDD50D1ECD513300ABDFA2 /* AppDelegate.h */,
				EFCDD50E1ECD513300ABDFA2 /* AppDelegate.m */,
				EFCDD5101ECD513300ABDFA2 /* ViewController.h */,
				EFCDD5111ECD513300ABDFA2 /* ViewController.m */,
				EFCDD5131ECD513300ABDFA2 /* Main.storyboard */,
				EFCDD5161ECD513300ABDFA2 /* Assets.xcassets */,
				EFCDD5181ECD513300ABDFA2 /* LaunchScreen.storyboard */,
				EFCDD51B1ECD513300ABDFA2 /* Info.plist */,
				EFCDD50A1ECD513300ABDFA2 /* Supporting Files */,
			);
			path = testGitLib;
			sourceTree = "<group>";
		};
		EFCDD50A1ECD513300ABDFA2 /* Supporting Files */ = {
			isa = PBXGroup;
			children = (
				EFCDD50B1ECD513300ABDFA2 /* main.m */,
			);
			name = "Supporting Files";
			sourceTree = "<group>";
		};
/* End PBXGroup section */

/* Begin PBXNativeTarget section */
		EFCDD5061ECD513300ABDFA2 /* testGitLib */ = {
			isa = PBXNativeTarget;
			buildConfigurationList = EFCDD51E1ECD513300ABDFA2 /* Build configuration list for PBXNativeTarget "testGitLib" */;
			buildPhases = (
				EFCDD5031ECD513300ABDFA2 /* Sources */,
				EFCDD5041ECD513300ABDFA2 /* Frameworks */,
				EFCDD5051ECD513300ABDFA2 /* Resources */,
			);
			buildRules = (
			);
			dependencies = (
			);
			name = testGitLib;
			productName = testGitLib;
			productReference = EFCDD5071ECD513300ABDFA2 /* testGitLib.app */;
			productType = "com.apple.product-type.application";
		};
/* End PBXNativeTarget section */

/* Begin PBXProject section */
		EFCDD4FF1ECD513300ABDFA2 /* Project object */ = {
			isa = PBXProject;
			attributes = {
				LastUpgradeCheck = 0800;
				ORGANIZATIONNAME = wangliang;
				TargetAttributes = {
					EFCDD5061ECD513300ABDFA2 = {
						CreatedOnToolsVersion = 8.0;
						DevelopmentTeam = 4E9YB2PQ89;
						ProvisioningStyle = Automatic;
					};
				};
			};
			buildConfigurationList = EFCDD5021ECD513300ABDFA2 /* Build configuration list for PBXProject "testGitLib" */;
			compatibilityVersion = "Xcode 3.2";
			developmentRegion = English;
			hasScannedForEncodings = 0;
			knownRegions = (
				en,
				Base,
			);
			mainGroup = EFCDD4FE1ECD513300ABDFA2;
			productRefGroup = EFCDD5081ECD513300ABDFA2 /* Products */;
			projectDirPath = "";
			projectRoot = "";
			targets = (
				EFCDD5061ECD513300ABDFA2 /* testGitLib */,
			);
		};
/* End PBXProject section */

/* Begin PBXResourcesBuildPhase section */
		EFCDD5051ECD513300ABDFA2 /* Resources */ = {
			isa = PBXResourcesBuildPhase;
			buildActionMask = 2147483647;
			files = (
				EFCDD51A1ECD513300ABDFA2 /* LaunchScreen.storyboard in Resources */,
				EFCDD5171ECD513300ABDFA2 /* Assets.xcassets in Resources */,
				EFCDD5151ECD513300ABDFA2 /* Main.storyboard in Resources */,
			);
			runOnlyForDeploymentPostprocessing = 0;
		};
/* End PBXResourcesBuildPhase section */

/* Begin PBXSourcesBuildPhase section */
		EFCDD5031ECD513300ABDFA2 /* Sources */ = {
			isa = PBXSourcesBuildPhase;
			buildActionMask = 2147483647;
			files = (
				EFCDD5121ECD513300ABDFA2 /* ViewController.m in Sources */,
				EFCDD50F1ECD513300ABDFA2 /* AppDelegate.m in Sources */,
				EFCDD50C1ECD513300ABDFA2 /* main.m in Sources */,
			);
			runOnlyForDeploymentPostprocessing = 0;
		};
/* End PBXSourcesBuildPhase section */

/* Begin PBXVariantGroup section */
		EFCDD5131ECD513300ABDFA2 /* Main.storyboard */ = {
			isa = PBXVariantGroup;
			children = (
				EFCDD5141ECD513300ABDFA2 /* Base */,
			);
			name = Main.storyboard;
			sourceTree = "<group>";
		};
		EFCDD5181ECD513300ABDFA2 /* LaunchScreen.storyboard */ = {
			isa = PBXVariantGroup;
			children = (
				EFCDD5191ECD513300ABDFA2 /* Base */,
			);
			name = LaunchScreen.storyboard;
			sourceTree = "<group>";
		};
/* End PBXVariantGroup section */

/* Begin XCBuildConfiguration section */
		EFCDD51C1ECD513300ABDFA2 /* Debug */ = {
			isa = XCBuildConfiguration;
			buildSettings = {
				ALWAYS_SEARCH_USER_PATHS = NO;
				CLANG_ANALYZER_NONNULL = YES;
				CLANG_CXX_LANGUAGE_STANDARD = "gnu++0x";
				CLANG_CXX_LIBRARY = "libc++";
				CLANG_ENABLE_MODULES = YES;
				CLANG_ENABLE_OBJC_ARC = YES;
				CLANG_WARN_BOOL_CONVERSION = YES;
				CLANG_WARN_CONSTANT_CONVERSION = YES;
				CLANG_WARN_DIRECT_OBJC_ISA_USAGE = YES_ERROR;
				CLANG_WARN_DOCUMENTATION_COMMENTS = YES;
				CLANG_WARN_EMPTY_BODY = YES;
				CLANG_WARN_ENUM_CONVERSION = YES;
				CLANG_WARN_INFINITE_RECURSION = YES;
				CLANG_WARN_INT_CONVERSION = YES;
				CLANG_WARN_OBJC_ROOT_CLASS = YES_ERROR;
				CLANG_WARN_SUSPICIOUS_MOVES = YES;
				CLANG_WARN_UNREACHABLE_CODE = YES;
				CLANG_WARN__DUPLICATE_METHOD_MATCH = YES;
				"CODE_SIGN_IDENTITY[sdk=iphoneos*]" = "iPhone Developer";
				COPY_PHASE_STRIP = NO;
				DEBUG_INFORMATION_FORMAT = dwarf;
				ENABLE_STRICT_OBJC_MSGSEND = YES;
				ENABLE_TESTABILITY = YES;
				GCC_C_LANGUAGE_STANDARD = gnu99;
				GCC_DYNAMIC_NO_PIC = NO;
				GCC_NO_COMMON_BLOCKS = YES;
				GCC_OPTIMIZATION_LEVEL = 0;
				GCC_PREPROCESSOR_DEFINITIONS = (
					"DEBUG=1",
					"$(inherited)",
				);
				GCC_WARN_64_TO_32_BIT_CONVERSION = YES;
				GCC_WARN_ABOUT_RETURN_TYPE = YES_ERROR;
				GCC_WARN_UNDECLARED_SELECTOR = YES;
				GCC_WARN_UNINITIALIZED_AUTOS = YES_AGGRESSIVE;
				GCC_WARN_UNUSED_FUNCTION = YES;
				GCC_WARN_UNUSED_VARIABLE = YES;
				IPHONEOS_DEPLOYMENT_TARGET = 10.0;
				MTL_ENABLE_DEBUG_INFO = YES;
				ONLY_ACTIVE_ARCH = YES;
				SDKROOT = iphoneos;
			};
			name = Debug;
		};
		EFCDD51D1ECD513300ABDFA2 /* Release */ = {
			isa = XCBuildConfiguration;
			buildSettings = {
				ALWAYS_SEARCH_USER_PATHS = NO;
				CLANG_ANALYZER_NONNULL = YES;
				CLANG_CXX_LANGUAGE_STANDARD = "gnu++0x";
				CLANG_CXX_LIBRARY = "libc++";
				CLANG_ENABLE_MODULES = YES;
				CLANG_ENABLE_OBJC_ARC = YES;
				CLANG_WARN_BOOL_CONVERSION = YES;
				CLANG_WARN_CONSTANT_CONVERSION = YES;
				CLANG_WARN_DIRECT_OBJC_ISA_USAGE = YES_ERROR;
				CLANG_WARN_DOCUMENTATION_COMMENTS = YES;
				CLANG_WARN_EMPTY_BODY = YES;
				CLANG_WARN_ENUM_CONVERSION = YES;
				CLANG_WARN_INFINITE_RECURSION = YES;
				CLANG_WARN_INT_CONVERSION = YES;
				CLANG_WARN_OBJC_ROOT_CLASS = YES_ERROR;
				CLANG_WARN_SUSPICIOUS_MOVES = YES;
				CLANG_WARN_UNREACHABLE_CODE = YES;
				CLANG_WARN__DUPLICATE_METHOD_MATCH = YES;
				"CODE_SIGN_IDENTITY[sdk=iphoneos*]" = "iPhone Developer";
				COPY_PHASE_STRIP = NO;
				DEBUG_INFORMATION_FORMAT = "dwarf-with-dsym";
				ENABLE_NS_ASSERTIONS = NO;
				ENABLE_STRICT_OBJC_MSGSEND = YES;
				GCC_C_LANGUAGE_STANDARD = gnu99;
				GCC_NO_COMMON_BLOCKS = YES;
				GCC_WARN_64_TO_32_BIT_CONVERSION = YES;
				GCC_WARN_ABOUT_RETURN_TYPE = YES_ERROR;
				GCC_WARN_UNDECLARED_SELECTOR = YES;
				GCC_WARN_UNINITIALIZED_AUTOS = YES_AGGRESSIVE;
				GCC_WARN_UNUSED_FUNCTION = YES;
				GCC_WARN_UNUSED_VARIABLE = YES;
				IPHONEOS_DEPLOYMENT_TARGET = 10.0;
				MTL_ENABLE_DEBUG_INFO = NO;
				SDKROOT = iphoneos;
				VALIDATE_PRODUCT = YES;
			};
			name = Release;
		};
		EFCDD51F1ECD513300ABDFA2 /* Debug */ = {
			isa = XCBuildConfiguration;
			buildSettings = {
				ASSETCATALOG_COMPILER_APPICON_NAME = AppIcon;
				DEVELOPMENT_TEAM = 4E9YB2PQ89;
				INFOPLIST_FILE = testGitLib/Info.plist;
				LD_RUNPATH_SEARCH_PATHS = "$(inherited) @executable_path/Frameworks";
				PRODUCT_BUNDLE_IDENTIFIER = com.lqwawa.testGitLib;
				PRODUCT_NAME = "$(TARGET_NAME)";
			};
			name = Debug;
		};
		EFCDD5201ECD513300ABDFA2 /* Release */ = {
			isa = XCBuildConfiguration;
			buildSettings = {
				ASSETCATALOG_COMPILER_APPICON_NAME = AppIcon;
				DEVELOPMENT_TEAM = 4E9YB2PQ89;
				INFOPLIST_FILE = testGitLib/Info.plist;
				LD_RUNPATH_SEARCH_PATHS = "$(inherited) @executable_path/Frameworks";
				PRODUCT_BUNDLE_IDENTIFIER = com.lqwawa.testGitLib;
				PRODUCT_NAME = "$(TARGET_NAME)";
			};
			name = Release;
		};
/* End XCBuildConfiguration section */

/* Begin XCConfigurationList section */
		EFCDD5021ECD513300ABDFA2 /* Build configuration list for PBXProject "testGitLib" */ = {
			isa = XCConfigurationList;
			buildConfigurations = (
				EFCDD51C1ECD513300ABDFA2 /* Debug */,
				EFCDD51D1ECD513300ABDFA2 /* Release */,
			);
			defaultConfigurationIsVisible = 0;
			defaultConfigurationName = Release;
		};
		EFCDD51E1ECD513300ABDFA2 /* Build configuration list for PBXNativeTarget "testGitLib" */ = {
			isa = XCConfigurationList;
			buildConfigurations = (
				EFCDD51F1ECD513300ABDFA2 /* Debug */,
				EFCDD5201ECD513300ABDFA2 /* Release */,
			);
			defaultConfigurationIsVisible = 0;
		};
/* End XCConfigurationList section */
	};
	rootObject = EFCDD4FF1ECD513300ABDFA2 /* Project object */;
}
